{
  "name": "qlient",
  "lockfileVersion": 3,
  "requires": true,
  "packages": {
    "": {
      "dependencies": {
        "@fluentui/react-charting": "^5.22.3"
      }
    },
    "node_modules/@fluentui/date-time-utilities": {
      "version": "8.6.9",
      "resolved": "https://registry.npmjs.org/@fluentui/date-time-utilities/-/date-time-utilities-8.6.9.tgz",
      "integrity": "sha512-dgOlVm4nXBWDLqijmvn4iAtyv1hVpQZjN6p0So74BW+7ASUTkQGe3lf8PHV/OjBiXfZa4qwONvmTQBGCheNU0w==",
      "dependencies": {
        "@fluentui/set-version": "^8.2.23",
        "tslib": "^2.1.0"
      }
    },
    "node_modules/@fluentui/dom-utilities": {
      "version": "2.3.7",
      "resolved": "https://registry.npmjs.org/@fluentui/dom-utilities/-/dom-utilities-2.3.7.tgz",
      "integrity": "sha512-AaTR9BhJEF0i042NS1Ju8l95f24p2tBMq6jVVbUEDtYnKaxWnpv8R9eYjOwy8SDniQc1ino+BkolIgCVXXvDmw==",
      "dependencies": {
        "@fluentui/set-version": "^8.2.23",
        "tslib": "^2.1.0"
      }
    },
    "node_modules/@fluentui/font-icons-mdl2": {
      "version": "8.5.50",
      "resolved": "https://registry.npmjs.org/@fluentui/font-icons-mdl2/-/font-icons-mdl2-8.5.50.tgz",
      "integrity": "sha512-04pRRmuBf9r/3cnBlIedF+SFk2UW7GdRQvdfKxoMuL4dDMLPqo4ruPkI/dz8Mp3EDERQU01XDWtBx11w9obmFQ==",
      "dependencies": {
        "@fluentui/set-version": "^8.2.23",
        "@fluentui/style-utilities": "^8.10.21",
        "@fluentui/utilities": "^8.15.15",
        "tslib": "^2.1.0"
      }
    },
    "node_modules/@fluentui/foundation-legacy": {
      "version": "8.4.16",
      "resolved": "https://registry.npmjs.org/@fluentui/foundation-legacy/-/foundation-legacy-8.4.16.tgz",
      "integrity": "sha512-01/uQPQ2pEkQ6nUUF+tXaYeOG8UssfoEgAVLPolYXr1DC4tT66hPi7Smgsh6tzUkt/Ljy0nw9TIMRoHDHlfRyg==",
      "dependencies": {
        "@fluentui/merge-styles": "^8.6.13",
        "@fluentui/set-version": "^8.2.23",
        "@fluentui/style-utilities": "^8.10.21",
        "@fluentui/utilities": "^8.15.15",
        "tslib": "^2.1.0"
      },
      "peerDependencies": {
        "@types/react": ">=16.8.0 <19.0.0",
        "react": ">=16.8.0 <19.0.0"
      }
    },
    "node_modules/@fluentui/keyboard-key": {
      "version": "0.4.23",
      "resolved": "https://registry.npmjs.org/@fluentui/keyboard-key/-/keyboard-key-0.4.23.tgz",
      "integrity": "sha512-9GXeyUqNJUdg5JiQUZeGPiKnRzMRi9YEUn1l9zq6X/imYdMhxHrxpVZS12129cBfgvPyxt9ceJpywSfmLWqlKA==",
      "dependencies": {
        "tslib": "^2.1.0"
      }
    },
    "node_modules/@fluentui/merge-styles": {
      "version": "8.6.13",
      "resolved": "https://registry.npmjs.org/@fluentui/merge-styles/-/merge-styles-8.6.13.tgz",
      "integrity": "sha512-IWgvi2CC+mcQ7/YlCvRjsmHL2+PUz7q+Pa2Rqk3a+QHN0V1uBvgIbKk5y/Y/awwDXy1yJHiqMCcDHjBNmS1d4A==",
      "dependencies": {
        "@fluentui/set-version": "^8.2.23",
        "tslib": "^2.1.0"
      }
    },
    "node_modules/@fluentui/react": {
      "version": "8.120.7",
      "resolved": "https://registry.npmjs.org/@fluentui/react/-/react-8.120.7.tgz",
      "integrity": "sha512-eU8b3X6t3v6Gv38vYXXnI9JBnaTY1wpeLmErPcdBIuvVpAq35/HU+FmR1CB6FDd9oOQqC4sbM6nTlI6mSudmsw==",
      "dependencies": {
        "@fluentui/date-time-utilities": "^8.6.9",
        "@fluentui/font-icons-mdl2": "^8.5.50",
        "@fluentui/foundation-legacy": "^8.4.16",
        "@fluentui/merge-styles": "^8.6.13",
        "@fluentui/react-focus": "^8.9.13",
        "@fluentui/react-hooks": "^8.8.12",
        "@fluentui/react-portal-compat-context": "^9.0.12",
        "@fluentui/react-window-provider": "^2.2.28",
        "@fluentui/set-version": "^8.2.23",
        "@fluentui/style-utilities": "^8.10.21",
        "@fluentui/theme": "^2.6.59",
        "@fluentui/utilities": "^8.15.15",
        "@microsoft/load-themed-styles": "^1.10.26",
        "tslib": "^2.1.0"
      },
      "peerDependencies": {
        "@types/react": ">=16.8.0 <19.0.0",
        "@types/react-dom": ">=16.8.0 <19.0.0",
        "react": ">=16.8.0 <19.0.0",
        "react-dom": ">=16.8.0 <19.0.0"
      }
    },
    "node_modules/@fluentui/react-charting": {
      "version": "5.22.3",
      "resolved": "https://registry.npmjs.org/@fluentui/react-charting/-/react-charting-5.22.3.tgz",
      "integrity": "sha512-UM0JZvnfoeHRfa9IGZlxnBxDgy7O9BJ/R1/p5izSxeMMR8Ctc1U2nVwN3cfIGfEV6uxT51ZctZxmuemKiU2vng==",
      "dependencies": {
        "@fluentui/react-focus": "^8.9.13",
        "@fluentui/set-version": "^8.2.23",
        "@fluentui/theme-samples": "^8.7.171",
        "@microsoft/load-themed-styles": "^1.10.26",
        "@types/d3-array": "^2.0.0",
        "@types/d3-axis": "^2.0.0",
        "@types/d3-format": "^2.0.0",
        "@types/d3-hierarchy": "^2.0.0",
        "@types/d3-sankey": "^0.12.3",
        "@types/d3-scale": "^4.0.0",
        "@types/d3-selection": "^2.0.0",
        "@types/d3-shape": "^3.0.0",
        "@types/d3-time": "^2.0.0",
        "@types/d3-time-format": "^3.0.0",
        "d3-array": "^2.0.0",
        "d3-axis": "^2.0.0",
        "d3-format": "^2.0.0",
        "d3-hierarchy": "^2.0.0",
        "d3-sankey": "^0.12.3",
        "d3-scale": "^4.0.0",
        "d3-selection": "^2.0.0",
        "d3-shape": "^3.0.0",
        "d3-time": "^2.0.0",
        "d3-time-format": "^3.0.0",
        "tslib": "^2.1.0"
      },
      "peerDependencies": {
        "@fluentui/react": "^8.120.7",
        "@types/react": ">=16.8.0 <19.0.0",
        "@types/react-dom": ">=16.8.0 <19.0.0",
        "react": ">=16.8.0 <19.0.0",
        "react-dom": ">=16.8.0 <19.0.0"
      }
    },
    "node_modules/@fluentui/react-focus": {
      "version": "8.9.13",
      "resolved": "https://registry.npmjs.org/@fluentui/react-focus/-/react-focus-8.9.13.tgz",
      "integrity": "sha512-oUtY4F+tp0RmV0Wr30CoYFdTQEqHWKjU3/dYHPbI0xKH4emLrf8+sc0FAHJdeHH2rx4T1XSA807pm7YB4CQqWw==",
      "dependencies": {
        "@fluentui/keyboard-key": "^0.4.23",
        "@fluentui/merge-styles": "^8.6.13",
        "@fluentui/set-version": "^8.2.23",
        "@fluentui/style-utilities": "^8.10.21",
        "@fluentui/utilities": "^8.15.15",
        "tslib": "^2.1.0"
      },
      "peerDependencies": {
        "@types/react": ">=16.8.0 <19.0.0",
        "react": ">=16.8.0 <19.0.0"
      }
    },
    "node_modules/@fluentui/react-hooks": {
      "version": "8.8.12",
      "resolved": "https://registry.npmjs.org/@fluentui/react-hooks/-/react-hooks-8.8.12.tgz",
      "integrity": "sha512-lplre6x5dONjd12D0BWs4LKq4lX++o0w07pIk2XhxikOW1e4Xfjn6VM52WSdtx+tU4rbLUoCA8drN2y/wDvhGg==",
      "dependencies": {
        "@fluentui/react-window-provider": "^2.2.28",
        "@fluentui/set-version": "^8.2.23",
        "@fluentui/utilities": "^8.15.15",
        "tslib": "^2.1.0"
      },
      "peerDependencies": {
        "@types/react": ">=16.8.0 <19.0.0",
        "react": ">=16.8.0 <19.0.0"
      }
    },
    "node_modules/@fluentui/react-portal-compat-context": {
      "version": "9.0.12",
      "resolved": "https://registry.npmjs.org/@fluentui/react-portal-compat-context/-/react-portal-compat-context-9.0.12.tgz",
      "integrity": "sha512-5AVXWX9GnbvwnJZYUb4LSIF7BsI/N8oTI6+7Yn0w6B3yaWykA8Menlz757X5tgVBjouEj4Eom+AoVvA7u8gPDA==",
      "dependencies": {
        "@swc/helpers": "^0.5.1"
      },
      "peerDependencies": {
        "@types/react": ">=16.14.0 <19.0.0",
        "react": ">=16.14.0 <19.0.0"
      }
    },
    "node_modules/@fluentui/react-window-provider": {
      "version": "2.2.28",
      "resolved": "https://registry.npmjs.org/@fluentui/react-window-provider/-/react-window-provider-2.2.28.tgz",
      "integrity": "sha512-YdZ74HTaoDwlvLDzoBST80/17ExIl93tLJpTxnqK5jlJOAUVQ+mxLPF2HQEJq+SZr5IMXHsQ56w/KaZVRn72YA==",
      "dependencies": {
        "@fluentui/set-version": "^8.2.23",
        "tslib": "^2.1.0"
      },
      "peerDependencies": {
        "@types/react": ">=16.8.0 <19.0.0",
        "react": ">=16.8.0 <19.0.0"
      }
    },
    "node_modules/@fluentui/scheme-utilities": {
      "version": "8.3.60",
      "resolved": "https://registry.npmjs.org/@fluentui/scheme-utilities/-/scheme-utilities-8.3.60.tgz",
      "integrity": "sha512-rh79B+YFUHmDXAtA8uucUZIUa77ENNylfpsSq0bULNxG21sVwcCaWqPXHr4MBgjxkbOoUkPP+kDSd6sc/aHAwQ==",
      "dependencies": {
        "@fluentui/set-version": "^8.2.23",
        "@fluentui/theme": "^2.6.59",
        "tslib": "^2.1.0"
      }
    },
    "node_modules/@fluentui/set-version": {
      "version": "8.2.23",
      "resolved": "https://registry.npmjs.org/@fluentui/set-version/-/set-version-8.2.23.tgz",
      "integrity": "sha512-VPXaBsiaa3Xn/AY40nLU9bvDQ62lpMVnFzFTlQ8CbpdwrjxNlRxDUY5vRToNzp1+Zu5gD/+CgsXqIZGcry5L5w==",
      "dependencies": {
        "tslib": "^2.1.0"
      }
    },
    "node_modules/@fluentui/style-utilities": {
      "version": "8.10.21",
      "resolved": "https://registry.npmjs.org/@fluentui/style-utilities/-/style-utilities-8.10.21.tgz",
      "integrity": "sha512-tqdSQI1MAnNUPtNKKV9LeNqmEhBZL+lpV+m6Ngl6SDuR0aQkMkuo1jA9rPxNRLUf5+pbI8LrNQ4WiCWqYkV/QQ==",
      "dependencies": {
        "@fluentui/merge-styles": "^8.6.13",
        "@fluentui/set-version": "^8.2.23",
        "@fluentui/theme": "^2.6.59",
        "@fluentui/utilities": "^8.15.15",
        "@microsoft/load-themed-styles": "^1.10.26",
        "tslib": "^2.1.0"
      }
    },
    "node_modules/@fluentui/theme": {
      "version": "2.6.59",
      "resolved": "https://registry.npmjs.org/@fluentui/theme/-/theme-2.6.59.tgz",
      "integrity": "sha512-o/6UgKgPW6QI/+2OfCXeJfcOCbtzLIwM/3W/DzI2Pjt56ubT98IEcb32NCHoIKB2xkEnJoTjGgN1m+vHAvcQxA==",
      "dependencies": {
        "@fluentui/merge-styles": "^8.6.13",
        "@fluentui/set-version": "^8.2.23",
        "@fluentui/utilities": "^8.15.15",
        "tslib": "^2.1.0"
      },
      "peerDependencies": {
        "@types/react": ">=16.8.0 <19.0.0",
        "react": ">=16.8.0 <19.0.0"
      }
    },
    "node_modules/@fluentui/theme-samples": {
      "version": "8.7.171",
      "resolved": "https://registry.npmjs.org/@fluentui/theme-samples/-/theme-samples-8.7.171.tgz",
      "integrity": "sha512-078jmWtIVu8tkoDnuG5BPn8N1iOeWWJYC7t8g+CQ8senKXpxgWlMA7cBu4QQOYGuAfdKlH/7danHcL7SQ6W/gQ==",
      "dependencies": {
        "@fluentui/react": "^8.120.7",
        "@fluentui/scheme-utilities": "^8.3.60",
        "@fluentui/set-version": "^8.2.23",
        "tslib": "^2.1.0"
      }
    },
    "node_modules/@fluentui/utilities": {
      "version": "8.15.15",
      "resolved": "https://registry.npmjs.org/@fluentui/utilities/-/utilities-8.15.15.tgz",
      "integrity": "sha512-7GpET/AuWR8aBEQSQj9iO2j+9riAaoK1qBduCB4Ht6353d25vwwsKXreHZGqS8efv+NNIxQTlLWz0Rq73iQFWw==",
      "dependencies": {
        "@fluentui/dom-utilities": "^2.3.7",
        "@fluentui/merge-styles": "^8.6.13",
        "@fluentui/react-window-provider": "^2.2.28",
        "@fluentui/set-version": "^8.2.23",
        "tslib": "^2.1.0"
      },
      "peerDependencies": {
        "@types/react": ">=16.8.0 <19.0.0",
        "react": ">=16.8.0 <19.0.0"
      }
    },
    "node_modules/@microsoft/load-themed-styles": {
      "version": "1.10.295",
      "resolved": "https://registry.npmjs.org/@microsoft/load-themed-styles/-/load-themed-styles-1.10.295.tgz",
      "integrity": "sha512-W+IzEBw8a6LOOfRJM02dTT7BDZijxm+Z7lhtOAz1+y9vQm1Kdz9jlAO+qCEKsfxtUOmKilW8DIRqFw2aUgKeGg=="
    },
    "node_modules/@swc/helpers": {
      "version": "0.5.12",
      "resolved": "https://registry.npmjs.org/@swc/helpers/-/helpers-0.5.12.tgz",
      "integrity": "sha512-KMZNXiGibsW9kvZAO1Pam2JPTDBm+KSHMMHWdsyI/1DbIZjT2A6Gy3hblVXUMEDvUAKq+e0vL0X0o54owWji7g==",
      "dependencies": {
        "tslib": "^2.4.0"
      }
    },
    "node_modules/@types/d3-array": {
      "version": "2.12.7",
      "resolved": "https://registry.npmjs.org/@types/d3-array/-/d3-array-2.12.7.tgz",
      "integrity": "sha512-SVvxzxRVnIgtJbNTj5ZVJ9CZkVOANCpW0nQbRi7EOU5Q9G+JQQjXD2SCpr1OYCX09b3Yr7o0+CBofZAgU42rbQ=="
    },
    "node_modules/@types/d3-axis": {
      "version": "2.1.6",
      "resolved": "https://registry.npmjs.org/@types/d3-axis/-/d3-axis-2.1.6.tgz",
      "integrity": "sha512-X/CazlQun7XcSbRhaxwr605neUIGiUeURvsOGAIdvH1nD6o25pzkdxPNe7XcTKyRJeShlubjsUEG9tNeZZdRaQ==",
      "dependencies": {
        "@types/d3-selection": "^2"
      }
    },
    "node_modules/@types/d3-format": {
      "version": "2.0.5",
      "resolved": "https://registry.npmjs.org/@types/d3-format/-/d3-format-2.0.5.tgz",
      "integrity": "sha512-ntJZQfz4BK8m53vkUVk+3PE7PHr9esrfVkClxebcMNP/4N1F0rPdzv9hKNqx2gZBRHSYg1kQumeUDIrHDpQGwQ=="
    },
    "node_modules/@types/d3-hierarchy": {
      "version": "2.0.5",
      "resolved": "https://registry.npmjs.org/@types/d3-hierarchy/-/d3-hierarchy-2.0.5.tgz",
      "integrity": "sha512-t/xXqB6MXT6Hp0BgFV00ZonpZbs9fUtYPM3QzqOlmghefovpnnxEN7mAdUqE/mNinRI/eR8gewDAobFJA0TNBw=="
    },
    "node_modules/@types/d3-path": {
      "version": "3.1.0",
      "resolved": "https://registry.npmjs.org/@types/d3-path/-/d3-path-3.1.0.tgz",
      "integrity": "sha512-P2dlU/q51fkOc/Gfl3Ul9kicV7l+ra934qBFXCFhrZMOL6du1TM0pm1ThYvENukyOn5h9v+yMJ9Fn5JK4QozrQ=="
    },
    "node_modules/@types/d3-sankey": {
      "version": "0.12.4",
      "resolved": "https://registry.npmjs.org/@types/d3-sankey/-/d3-sankey-0.12.4.tgz",
      "integrity": "sha512-YTicQNwioitIlvuvlfW2GfO6sKxpohzg2cSQttlXAPjFwoBuN+XpGLhUN3kLutG/dI3GCLC+DUorqiJt7Naetw==",
      "dependencies": {
        "@types/d3-shape": "^1"
      }
    },
    "node_modules/@types/d3-sankey/node_modules/@types/d3-path": {
      "version": "1.0.11",
      "resolved": "https://registry.npmjs.org/@types/d3-path/-/d3-path-1.0.11.tgz",
      "integrity": "sha512-4pQMp8ldf7UaB/gR8Fvvy69psNHkTpD/pVw3vmEi8iZAB9EPMBruB1JvHO4BIq9QkUUd2lV1F5YXpMNj7JPBpw=="
    },
    "node_modules/@types/d3-sankey/node_modules/@types/d3-shape": {
      "version": "1.3.12",
      "resolved": "https://registry.npmjs.org/@types/d3-shape/-/d3-shape-1.3.12.tgz",
      "integrity": "sha512-8oMzcd4+poSLGgV0R1Q1rOlx/xdmozS4Xab7np0eamFFUYq71AU9pOCJEFnkXW2aI/oXdVYJzw6pssbSut7Z9Q==",
      "dependencies": {
        "@types/d3-path": "^1"
      }
    },
    "node_modules/@types/d3-scale": {
      "version": "4.0.8",
      "resolved": "https://registry.npmjs.org/@types/d3-scale/-/d3-scale-4.0.8.tgz",
      "integrity": "sha512-gkK1VVTr5iNiYJ7vWDI+yUFFlszhNMtVeneJ6lUTKPjprsvLLI9/tgEGiXJOnlINJA8FyA88gfnQsHbybVZrYQ==",
      "dependencies": {
        "@types/d3-time": "*"
      }
    },
    "node_modules/@types/d3-selection": {
      "version": "2.0.4",
      "resolved": "https://registry.npmjs.org/@types/d3-selection/-/d3-selection-2.0.4.tgz",
      "integrity": "sha512-5a21DF7avVPmiUau8KTsv5r76yGqbMgq4QtByoCBPXUrVFWFkd3Ob4OOhmePNRbQqfUCNFjgB4sO7sUURnKcBg=="
    },
    "node_modules/@types/d3-shape": {
      "version": "3.1.6",
      "resolved": "https://registry.npmjs.org/@types/d3-shape/-/d3-shape-3.1.6.tgz",
      "integrity": "sha512-5KKk5aKGu2I+O6SONMYSNflgiP0WfZIQvVUMan50wHsLG1G94JlxEVnCpQARfTtzytuY0p/9PXXZb3I7giofIA==",
      "dependencies": {
        "@types/d3-path": "*"
      }
    },
    "node_modules/@types/d3-time": {
      "version": "2.1.4",
      "resolved": "https://registry.npmjs.org/@types/d3-time/-/d3-time-2.1.4.tgz",
      "integrity": "sha512-BTfLsxTeo7yFxI/haOOf1ZwJ6xKgQLT9dCp+EcmQv87Gox6X+oKl4mLKfO6fnWm3P22+A6DknMNEZany8ql2Rw=="
    },
    "node_modules/@types/d3-time-format": {
      "version": "3.0.4",
      "resolved": "https://registry.npmjs.org/@types/d3-time-format/-/d3-time-format-3.0.4.tgz",
      "integrity": "sha512-or9DiDnYI1h38J9hxKEsw513+KVuFbEVhl7qdxcaudoiqWWepapUen+2vAriFGexr6W5+P4l9+HJrB39GG+oRg=="
    },
    "node_modules/@types/prop-types": {
      "version": "15.7.12",
      "resolved": "https://registry.npmjs.org/@types/prop-types/-/prop-types-15.7.12.tgz",
      "integrity": "sha512-5zvhXYtRNRluoE/jAp4GVsSduVUzNWKkOZrCDBWYtE7biZywwdC2AcEzg+cSMLFRfVgeAFqpfNabiPjxFddV1Q==",
      "peer": true
    },
    "node_modules/@types/react": {
      "version": "18.3.5",
      "resolved": "https://registry.npmjs.org/@types/react/-/react-18.3.5.tgz",
      "integrity": "sha512-WeqMfGJLGuLCqHGYRGHxnKrXcTitc6L/nBUWfWPcTarG3t9PsquqUMuVeXZeca+mglY4Vo5GZjCi0A3Or2lnxA==",
      "peer": true,
      "dependencies": {
        "@types/prop-types": "*",
        "csstype": "^3.0.2"
      }
    },
    "node_modules/@types/react-dom": {
      "version": "18.3.0",
      "resolved": "https://registry.npmjs.org/@types/react-dom/-/react-dom-18.3.0.tgz",
      "integrity": "sha512-EhwApuTmMBmXuFOikhQLIBUn6uFg81SwLMOAUgodJF14SOBOCMdU04gDoYi0WOJJHD144TL32z4yDqCW3dnkQg==",
      "peer": true,
      "dependencies": {
        "@types/react": "*"
      }
    },
    "node_modules/csstype": {
      "version": "3.1.3",
      "resolved": "https://registry.npmjs.org/csstype/-/csstype-3.1.3.tgz",
      "integrity": "sha512-M1uQkMl8rQK/szD0LNhtqxIPLpimGm8sOBwU7lLnCpSbTyY3yeU1Vc7l4KT5zT4s/yOxHH5O7tIuuLOCnLADRw==",
      "peer": true
    },
    "node_modules/d3-array": {
      "version": "2.12.1",
      "resolved": "https://registry.npmjs.org/d3-array/-/d3-array-2.12.1.tgz",
      "integrity": "sha512-B0ErZK/66mHtEsR1TkPEEkwdy+WDesimkM5gpZr5Dsg54BiTA5RXtYW5qTLIAcekaS9xfZrzBLF/OAkB3Qn1YQ==",
      "dependencies": {
        "internmap": "^1.0.0"
      }
    },
    "node_modules/d3-axis": {
      "version": "2.1.0",
      "resolved": "https://registry.npmjs.org/d3-axis/-/d3-axis-2.1.0.tgz",
      "integrity": "sha512-z/G2TQMyuf0X3qP+Mh+2PimoJD41VOCjViJzT0BHeL/+JQAofkiWZbWxlwFGb1N8EN+Cl/CW+MUKbVzr1689Cw=="
    },
    "node_modules/d3-color": {
      "version": "3.1.0",
      "resolved": "https://registry.npmjs.org/d3-color/-/d3-color-3.1.0.tgz",
      "integrity": "sha512-zg/chbXyeBtMQ1LbD/WSoW2DpC3I0mpmPdW+ynRTj/x2DAWYrIY7qeZIHidozwV24m4iavr15lNwIwLxRmOxhA==",
      "engines": {
        "node": ">=12"
      }
    },
    "node_modules/d3-format": {
      "version": "2.0.0",
      "resolved": "https://registry.npmjs.org/d3-format/-/d3-format-2.0.0.tgz",
      "integrity": "sha512-Ab3S6XuE/Q+flY96HXT0jOXcM4EAClYFnRGY5zsjRGNy6qCYrQsMffs7cV5Q9xejb35zxW5hf/guKw34kvIKsA=="
    },
    "node_modules/d3-hierarchy": {
      "version": "2.0.0",
      "resolved": "https://registry.npmjs.org/d3-hierarchy/-/d3-hierarchy-2.0.0.tgz",
      "integrity": "sha512-SwIdqM3HxQX2214EG9GTjgmCc/mbSx4mQBn+DuEETubhOw6/U3fmnji4uCVrmzOydMHSO1nZle5gh6HB/wdOzw=="
    },
    "node_modules/d3-interpolate": {
      "version": "3.0.1",
      "resolved": "https://registry.npmjs.org/d3-interpolate/-/d3-interpolate-3.0.1.tgz",
      "integrity": "sha512-3bYs1rOD33uo8aqJfKP3JWPAibgw8Zm2+L9vBKEHJ2Rg+viTR7o5Mmv5mZcieN+FRYaAOWX5SJATX6k1PWz72g==",
      "dependencies": {
        "d3-color": "1 - 3"
      },
      "engines": {
        "node": ">=12"
      }
    },
    "node_modules/d3-path": {
      "version": "3.1.0",
      "resolved": "https://registry.npmjs.org/d3-path/-/d3-path-3.1.0.tgz",
      "integrity": "sha512-p3KP5HCf/bvjBSSKuXid6Zqijx7wIfNW+J/maPs+iwR35at5JCbLUT0LzF1cnjbCHWhqzQTIN2Jpe8pRebIEFQ==",
      "engines": {
        "node": ">=12"
      }
    },
    "node_modules/d3-sankey": {
      "version": "0.12.3",
      "resolved": "https://registry.npmjs.org/d3-sankey/-/d3-sankey-0.12.3.tgz",
      "integrity": "sha512-nQhsBRmM19Ax5xEIPLMY9ZmJ/cDvd1BG3UVvt5h3WRxKg5zGRbvnteTyWAbzeSvlh3tW7ZEmq4VwR5mB3tutmQ==",
      "dependencies": {
        "d3-array": "1 - 2",
        "d3-shape": "^1.2.0"
      }
    },
    "node_modules/d3-sankey/node_modules/d3-path": {
      "version": "1.0.9",
      "resolved": "https://registry.npmjs.org/d3-path/-/d3-path-1.0.9.tgz",
      "integrity": "sha512-VLaYcn81dtHVTjEHd8B+pbe9yHWpXKZUC87PzoFmsFrJqgFwDe/qxfp5MlfsfM1V5E/iVt0MmEbWQ7FVIXh/bg=="
    },
    "node_modules/d3-sankey/node_modules/d3-shape": {
      "version": "1.3.7",
      "resolved": "https://registry.npmjs.org/d3-shape/-/d3-shape-1.3.7.tgz",
      "integrity": "sha512-EUkvKjqPFUAZyOlhY5gzCxCeI0Aep04LwIRpsZ/mLFelJiUfnK56jo5JMDSE7yyP2kLSb6LtF+S5chMk7uqPqw==",
      "dependencies": {
        "d3-path": "1"
      }
    },
    "node_modules/d3-scale": {
      "version": "4.0.2",
      "resolved": "https://registry.npmjs.org/d3-scale/-/d3-scale-4.0.2.tgz",
      "integrity": "sha512-GZW464g1SH7ag3Y7hXjf8RoUuAFIqklOAq3MRl4OaWabTFJY9PN/E1YklhXLh+OQ3fM9yS2nOkCoS+WLZ6kvxQ==",
      "dependencies": {
        "d3-array": "2.10.0 - 3",
        "d3-format": "1 - 3",
        "d3-interpolate": "1.2.0 - 3",
        "d3-time": "2.1.1 - 3",
        "d3-time-format": "2 - 4"
      },
      "engines": {
        "node": ">=12"
      }
    },
    "node_modules/d3-selection": {
      "version": "2.0.0",
      "resolved": "https://registry.npmjs.org/d3-selection/-/d3-selection-2.0.0.tgz",
      "integrity": "sha512-XoGGqhLUN/W14NmaqcO/bb1nqjDAw5WtSYb2X8wiuQWvSZUsUVYsOSkOybUrNvcBjaywBdYPy03eXHMXjk9nZA=="
    },
    "node_modules/d3-shape": {
      "version": "3.2.0",
      "resolved": "https://registry.npmjs.org/d3-shape/-/d3-shape-3.2.0.tgz",
      "integrity": "sha512-SaLBuwGm3MOViRq2ABk3eLoxwZELpH6zhl3FbAoJ7Vm1gofKx6El1Ib5z23NUEhF9AsGl7y+dzLe5Cw2AArGTA==",
      "dependencies": {
        "d3-path": "^3.1.0"
      },
      "engines": {
        "node": ">=12"
      }
    },
    "node_modules/d3-time": {
      "version": "2.1.1",
      "resolved": "https://registry.npmjs.org/d3-time/-/d3-time-2.1.1.tgz",
      "integrity": "sha512-/eIQe/eR4kCQwq7yxi7z4c6qEXf2IYGcjoWB5OOQy4Tq9Uv39/947qlDcN2TLkiTzQWzvnsuYPB9TrWaNfipKQ==",
      "dependencies": {
        "d3-array": "2"
      }
    },
    "node_modules/d3-time-format": {
      "version": "3.0.0",
      "resolved": "https://registry.npmjs.org/d3-time-format/-/d3-time-format-3.0.0.tgz",
      "integrity": "sha512-UXJh6EKsHBTjopVqZBhFysQcoXSv/5yLONZvkQ5Kk3qbwiUYkdX17Xa1PT6U1ZWXGGfB1ey5L8dKMlFq2DO0Ag==",
      "dependencies": {
        "d3-time": "1 - 2"
      }
    },
    "node_modules/internmap": {
      "version": "1.0.1",
      "resolved": "https://registry.npmjs.org/internmap/-/internmap-1.0.1.tgz",
      "integrity": "sha512-lDB5YccMydFBtasVtxnZ3MRBHuaoE8GKsppq+EchKL2U4nK/DmEpPHNH8MZe5HkMtpSiTSOZwfN0tzYjO/lJEw=="
    },
    "node_modules/js-tokens": {
      "version": "4.0.0",
      "resolved": "https://registry.npmjs.org/js-tokens/-/js-tokens-4.0.0.tgz",
      "integrity": "sha512-RdJUflcE3cUzKiMqQgsCu06FPu9UdIJO0beYbPhHN4k6apgJtifcoCtT9bcxOpYBtpD2kCM6Sbzg4CausW/PKQ==",
      "peer": true
    },
    "node_modules/loose-envify": {
      "version": "1.4.0",
      "resolved": "https://registry.npmjs.org/loose-envify/-/loose-envify-1.4.0.tgz",
      "integrity": "sha512-lyuxPGr/Wfhrlem2CL/UcnUc1zcqKAImBDzukY7Y5F/yQiNdko6+fRLevlw1HgMySw7f611UIY408EtxRSoK3Q==",
      "peer": true,
      "dependencies": {
        "js-tokens": "^3.0.0 || ^4.0.0"
      },
      "bin": {
        "loose-envify": "cli.js"
      }
    },
    "node_modules/react": {
      "version": "18.3.1",
      "resolved": "https://registry.npmjs.org/react/-/react-18.3.1.tgz",
      "integrity": "sha512-wS+hAgJShR0KhEvPJArfuPVN1+Hz1t0Y6n5jLrGQbkb4urgPE/0Rve+1kMB1v/oWgHgm4WIcV+i7F2pTVj+2iQ==",
      "peer": true,
      "dependencies": {
        "loose-envify": "^1.1.0"
      },
      "engines": {
        "node": ">=0.10.0"
      }
    },
    "node_modules/react-dom": {
      "version": "18.3.1",
      "resolved": "https://registry.npmjs.org/react-dom/-/react-dom-18.3.1.tgz",
      "integrity": "sha512-5m4nQKp+rZRb09LNH59GM4BxTh9251/ylbKIbpe7TpGxfJ+9kv6BLkLBXIjjspbgbnIBNqlI23tRnTWT0snUIw==",
      "peer": true,
      "dependencies": {
        "loose-envify": "^1.1.0",
        "scheduler": "^0.23.2"
      },
      "peerDependencies": {
        "react": "^18.3.1"
      }
    },
    "node_modules/scheduler": {
      "version": "0.23.2",
      "resolved": "https://registry.npmjs.org/scheduler/-/scheduler-0.23.2.tgz",
      "integrity": "sha512-UOShsPwz7NrMUqhR6t0hWjFduvOzbtv7toDH1/hIrfRNIDBnnBWd0CwJTGvTpngVlmwGCdP9/Zl/tVrDqcuYzQ==",
      "peer": true,
      "dependencies": {
        "loose-envify": "^1.1.0"
      }
    },
    "node_modules/tslib": {
      "version": "2.7.0",
      "resolved": "https://registry.npmjs.org/tslib/-/tslib-2.7.0.tgz",
      "integrity": "sha512-gLXCKdN1/j47AiHiOkJN69hJmcbGTHI0ImLmbYLHykhgeN0jVGola9yVjFgzCUklsZQMW55o+dW7IXv3RCXDzA=="
    }
  }
}
